
Microsoft Visual Studio Solution File, Format Version 12.00
Project("{FAE04EC0-301F-11D3-BF4B-00C04F79EFBC}") = "LumineInCradle.Common", "LumineInCradle.Common\LumineInCradle.Common.csproj", "{6B0E2A7A-BF32-41F9-BB34-EE92A9ACDACF}"
EndProject
Project("{FAE04EC0-301F-11D3-BF4B-00C04F79EFBC}") = "LumineInCradle.NoMosaic", "LumineInCradle.NoMosaic\LumineInCradle.NoMosaic.csproj", "{2D37AC7F-1909-437D-A4A2-AF1257F0B0C5}"
EndProject
Project("{FAE04EC0-301F-11D3-BF4B-00C04F79EFBC}") = "LumineInCradle.Always0721", "LumineInCradle.Always0721\LumineInCradle.Always0721.csproj", "{B6217EC5-DCC5-48F0-BE86-3E7757648834}"
EndProject
Project("{FAE04EC0-301F-11D3-BF4B-00C04F79EFBC}") = "LumineInCradle.VerticalSync", "LumineInCradle.VerticalSync\LumineInCradle.VerticalSync.csproj", "{242C3B60-7182-4022-AE7B-FCAD33AB3AF1}"
EndProject
Project("{FAE04EC0-301F-11D3-BF4B-00C04F79EFBC}") = "LumineInCradle.IronBarrier", "LumineInCradle.IronBarrier\LumineInCradle.IronBarrier.csproj", "{1B94901B-FE62-4ED7-B13A-71B87EF22A17}"
EndProject
Project("{2150E333-8FDC-42A3-9474-1A3956D46DE8}") = "Misc", "Misc", "{04072F0F-2911-49C5-95A9-95B9F200A40F}"
	ProjectSection(SolutionItems) = preProject
		README.md = README.md
		.gitignore = .gitignore
		LICENSE.txt = LICENSE.txt
		appveyor.yml = appveyor.yml
	EndProjectSection
EndProject
Project("{FAE04EC0-301F-11D3-BF4B-00C04F79EFBC}") = "Meta", "Meta\Meta.csproj", "{53E4F034-D2D0-41C1-8AA5-90266B998177}"
EndProject
Project("{FAE04EC0-301F-11D3-BF4B-00C04F79EFBC}") = "LumineInCradle.EggHarvest", "LumineInCradle.EggHarvest\LumineInCradle.EggHarvest.csproj", "{EA2D0334-EE08-4608-99CF-722C4BA52450}"
EndProject
Global
	GlobalSection(SolutionConfigurationPlatforms) = preSolution
		Debug|Any CPU = Debug|Any CPU
		Release|Any CPU = Release|Any CPU
	EndGlobalSection
	GlobalSection(ProjectConfigurationPlatforms) = postSolution
		{6B0E2A7A-BF32-41F9-BB34-EE92A9ACDACF}.Debug|Any CPU.ActiveCfg = Debug|Any CPU
		{6B0E2A7A-BF32-41F9-BB34-EE92A9ACDACF}.Debug|Any CPU.Build.0 = Debug|Any CPU
		{6B0E2A7A-BF32-41F9-BB34-EE92A9ACDACF}.Release|Any CPU.ActiveCfg = Release|Any CPU
		{6B0E2A7A-BF32-41F9-BB34-EE92A9ACDACF}.Release|Any CPU.Build.0 = Release|Any CPU
		{2D37AC7F-1909-437D-A4A2-AF1257F0B0C5}.Debug|Any CPU.ActiveCfg = Debug|Any CPU
		{2D37AC7F-1909-437D-A4A2-AF1257F0B0C5}.Debug|Any CPU.Build.0 = Debug|Any CPU
		{2D37AC7F-1909-437D-A4A2-AF1257F0B0C5}.Release|Any CPU.ActiveCfg = Release|Any CPU
		{2D37AC7F-1909-437D-A4A2-AF1257F0B0C5}.Release|Any CPU.Build.0 = Release|Any CPU
		{B6217EC5-DCC5-48F0-BE86-3E7757648834}.Debug|Any CPU.ActiveCfg = Debug|Any CPU
		{B6217EC5-DCC5-48F0-BE86-3E7757648834}.Debug|Any CPU.Build.0 = Debug|Any CPU
		{B6217EC5-DCC5-48F0-BE86-3E7757648834}.Release|Any CPU.ActiveCfg = Release|Any CPU
		{B6217EC5-DCC5-48F0-BE86-3E7757648834}.Release|Any CPU.Build.0 = Release|Any CPU
		{242C3B60-7182-4022-AE7B-FCAD33AB3AF1}.Debug|Any CPU.ActiveCfg = Debug|Any CPU
		{242C3B60-7182-4022-AE7B-FCAD33AB3AF1}.Debug|Any CPU.Build.0 = Debug|Any CPU
		{242C3B60-7182-4022-AE7B-FCAD33AB3AF1}.Release|Any CPU.ActiveCfg = Release|Any CPU
		{242C3B60-7182-4022-AE7B-FCAD33AB3AF1}.Release|Any CPU.Build.0 = Release|Any CPU
		{1B94901B-FE62-4ED7-B13A-71B87EF22A17}.Debug|Any CPU.ActiveCfg = Debug|Any CPU
		{1B94901B-FE62-4ED7-B13A-71B87EF22A17}.Debug|Any CPU.Build.0 = Debug|Any CPU
		{1B94901B-FE62-4ED7-B13A-71B87EF22A17}.Release|Any CPU.ActiveCfg = Release|Any CPU
		{1B94901B-FE62-4ED7-B13A-71B87EF22A17}.Release|Any CPU.Build.0 = Release|Any CPU
		{53E4F034-D2D0-41C1-8AA5-90266B998177}.Debug|Any CPU.ActiveCfg = Debug|Any CPU
		{53E4F034-D2D0-41C1-8AA5-90266B998177}.Debug|Any CPU.Build.0 = Debug|Any CPU
		{53E4F034-D2D0-41C1-8AA5-90266B998177}.Release|Any CPU.ActiveCfg = Release|Any CPU
		{53E4F034-D2D0-41C1-8AA5-90266B998177}.Release|Any CPU.Build.0 = Release|Any CPU
		{EA2D0334-EE08-4608-99CF-722C4BA52450}.Debug|Any CPU.ActiveCfg = Debug|Any CPU
		{EA2D0334-EE08-4608-99CF-722C4BA52450}.Debug|Any CPU.Build.0 = Debug|Any CPU
		{EA2D0334-EE08-4608-99CF-722C4BA52450}.Release|Any CPU.ActiveCfg = Release|Any CPU
		{EA2D0334-EE08-4608-99CF-722C4BA52450}.Release|Any CPU.Build.0 = Release|Any CPU
	EndGlobalSection
EndGlobal
